# @generated - this file is auto-generated by `mise lock` https://mise.jdx.dev/dev-tools/mise-lock.html

lockfile_version = 2

[[tools.buf]]
version = "1.72.0"
backend = "aqua:bufbuild/buf"
specifiers = ["1.72.0"]

[tools.buf."platforms.linux-arm64"]
provenance = "minisign"

[tools.buf."platforms.linux-x64"]
provenance = "minisign"

[tools.buf."platforms.macos-arm64"]
provenance = "minisign"

[tools.buf."platforms.windows-arm64"]
provenance = "minisign"

[tools.buf."platforms.windows-x64"]
provenance = "minisign"

[[tools.go]]
version = "1.25.14"
backend = "core:go"
specifiers = ["1.25.14"]

[tools.go."platforms.linux-arm64"]
checksum = "sha256:9bf234ea70ffec9347fdf6b22ce4add51717d3386a38a441e8c8743fceb5eaee"
url = "https://dl.google.com/go/go1.25.14.linux-arm64.tar.gz"

[tools.go."platforms.linux-x64"]
checksum = "sha256:a21ae5633a269bcd7e90cf767e48225633795e99d831742cbf3397064fee7712"
url = "https://dl.google.com/go/go1.25.14.linux-amd64.tar.gz"

[tools.go."platforms.macos-arm64"]
checksum = "sha256:5b26c0b6f308240fca2614fb02f622cfcc8c0cc3b69c78bba4845489a4590259"
url = "https://dl.google.com/go/go1.25.14.darwin-arm64.tar.gz"

[tools.go."platforms.windows-arm64"]
checksum = "sha256:96fb31ae26b288b5311bd31d8252d4a62c8a661e4dbb64d504cc646e4d10a57f"
url = "https://dl.google.com/go/go1.25.14.windows-arm64.zip"

[tools.go."platforms.windows-x64"]
checksum = "sha256:119044a92b3987c341cd6aebb256676dd4780d292f7b4e72a3e9976677841697"
url = "https://dl.google.com/go/go1.25.14.windows-amd64.zip"

[[tools."go:github.com/golangci/golangci-lint/v2/cmd/golangci-lint"]]
version = "2.12.2"
backend = "go:github.com/golangci/golangci-lint/v2/cmd/golangci-lint"
specifiers = ["2.12"]

[[tools."go:google.golang.org/grpc/cmd/protoc-gen-go-grpc"]]
version = "1.6.2"
backend = "go:google.golang.org/grpc/cmd/protoc-gen-go-grpc"
specifiers = ["1.6.2"]

[[tools."go:google.golang.org/protobuf/cmd/protoc-gen-go"]]
version = "1.36.11"
backend = "go:google.golang.org/protobuf/cmd/protoc-gen-go"
specifiers = ["1.36.11"]
